{
  "requires": true,
  "lockfileVersion": 1,
  "dependencies": {
    "@angular/animations": {
      "version": "12.0.3",
      "resolved": "https://registry.npmjs.org/@angular/animations/-/animations-12.0.3.tgz",
      "integrity": "sha512-uaOltimrGBJe1vIunaz9d8gtE8IY242XwakYGSFYf1zIseJRI7GBQ29L8+O2/QHbdTgdtsubYaqrPyMYLKYDvA==",
      "requires": {
        "tslib": "^2.1.0"
      }
    },
    "@angular/common": {
      "version": "12.0.3",
      "resolved": "https://registry.npmjs.org/@angular/common/-/common-12.0.3.tgz",
      "integrity": "sha512-Y5wm7kr8XjS3Rsy2eitJxd9F1Z+pTWjioTg4o1PEUvsKwahGvJ+G3brNejswoTkj8YJjRTrUPyyW8JT+nWGkbA==",
      "requires": {
        "tslib": "^2.1.0"
      }
    },
    "@angular/compiler": {
      "version": "12.0.3",
      "resolved": "https://registry.npmjs.org/@angular/compiler/-/compiler-12.0.3.tgz",
      "integrity": "sha512-Vux9JwHd5pYsSmNvACUWULdT8/nIekP9k2yGqaDdbiHsptk5UCcyH7E0zhMh8Um4NYFqMBZeO0yXySa+7u5aJA==",
      "requires": {
        "tslib": "^2.1.0"
      }
    },
    "@angular/core": {
      "version": "12.0.3",
      "resolved": "https://registry.npmjs.org/@angular/core/-/core-12.0.3.tgz",
      "integrity": "sha512-wGsu7wMeBQNN5ShJsLpzkCfBk6h089ZIf9bUMytNWAvLd+MGqP7f6D1ua9+ul62VNyBFtWgQLK/38E6J+9OPYg==",
      "requires": {
        "tslib": "^2.1.0"
      }
    },
    "@angular/forms": {
      "version": "12.0.3",
      "resolved": "https://registry.npmjs.org/@angular/forms/-/forms-12.0.3.tgz",
      "integrity": "sha512-AdOX8epoXgges1hchv5hYRhO6iOZhjSfEmJkVCpInq08evVG7ON/FjN3n4bP4xRHrpNB63rIzoSraD3AYw8A/A==",
      "requires": {
        "tslib": "^2.1.0"
      }
    },
    "@angular/platform-browser": {
      "version": "12.0.3",
      "resolved": "https://registry.npmjs.org/@angular/platform-browser/-/platform-browser-12.0.3.tgz",
      "integrity": "sha512-mHcjOxnRWv1G45npbyMknROCx+LmJemYoSERrhi+fBfv00zdJlZn+TcNIgg90xsBiP4C2d1+GMk0w8I0LYl6bQ==",
      "requires": {
        "tslib": "^2.1.0"
      }
    },
    "@angular/platform-browser-dynamic": {
      "version": "12.0.3",
      "resolved": "https://registry.npmjs.org/@angular/platform-browser-dynamic/-/platform-browser-dynamic-12.0.3.tgz",
      "integrity": "sha512-ojDDmNXeSukV4FbPNiNeR+A77RNWnXJ+ZHWBETlf5tfZgHtecyEmHlgJG3jOSDD9f4c9/F5FpuHD/LDCMp9GnA==",
      "requires": {
        "tslib": "^2.1.0"
      }
    },
    "@angular/router": {
      "version": "12.0.3",
      "resolved": "https://registry.npmjs.org/@angular/router/-/router-12.0.3.tgz",
      "integrity": "sha512-mv5p2zIfm911tlBOq3L1n8QY7KVwLHjzPCblQEeMyLsl7RGsom7SMpH/L2D8CP5gubzB2T4oPRuR7I8MtC+6oQ==",
      "requires": {
        "tslib": "^2.1.0"
      }
    },
    "mintplayer-ng-pagination": {
      "version": "file:angular/mintplayer-ng-pagination",
      "requires": {
        "@angular/animations": "~12.0.2",
        "@angular/common": "~12.0.2",
        "@angular/compiler": "~12.0.2",
        "@angular/core": "~12.0.2",
        "@angular/forms": "~12.0.2",
        "@angular/platform-browser": "~12.0.2",
        "@angular/platform-browser-dynamic": "~12.0.2",
        "@angular/router": "~12.0.2",
        "rxjs": "~6.6.0",
        "tslib": "^2.1.0",
        "zone.js": "~0.11.4"
      }
    },
    "rxjs": {
      "version": "6.6.7",
      "resolved": "https://registry.npmjs.org/rxjs/-/rxjs-6.6.7.tgz",
      "integrity": "sha512-hTdwr+7yYNIT5n4AMYp85KA6yw2Va0FLa3Rguvbpa4W3I5xynaBZo41cM3XM+4Q6fRMj3sBYIR1VAmZMXYJvRQ==",
      "requires": {
        "tslib": "^1.9.0"
      },
      "dependencies": {
        "tslib": {
          "version": "1.14.1",
          "resolved": "https://registry.npmjs.org/tslib/-/tslib-1.14.1.tgz",
          "integrity": "sha512-Xni35NKzjgMrwevysHTCArtLDpPvye8zV/0E4EyYn43P7/7qvQwPh9BGkHewbMulVntbigmcT7rdX3BNo9wRJg=="
        }
      }
    },
    "tslib": {
      "version": "2.2.0",
      "resolved": "https://registry.npmjs.org/tslib/-/tslib-2.2.0.tgz",
      "integrity": "sha512-gS9GVHRU+RGn5KQM2rllAlR3dU6m7AcpJKdtH8gFvQiC4Otgk98XnmMU+nZenHt/+VhnBPWwgrJsyrdcw6i23w=="
    },
    "zone.js": {
      "version": "0.11.4",
      "resolved": "https://registry.npmjs.org/zone.js/-/zone.js-0.11.4.tgz",
      "integrity": "sha512-DDh2Ab+A/B+9mJyajPjHFPWfYU1H+pdun4wnnk0OcQTNjem1XQSZ2CDW+rfZEUDjv5M19SBqAkjZi0x5wuB5Qw==",
      "requires": {
        "tslib": "^2.0.0"
      }
    }
  }
}
